
Microsoft Visual Studio Solution File, Format Version 12.00
# Visual Studio Version 17
VisualStudioVersion = 17.11.35327.3
MinimumVisualStudioVersion = 10.0.40219.1
Project("{FAE04EC0-301F-11D3-BF4B-00C04F79EFBC}") = "basket-compair", "basket-compair\basket-compair.csproj", "{AECDDFC1-4363-4225-B02E-6C75DBE40B23}"
EndProject
Global
	GlobalSection(SolutionConfigurationPlatforms) = preSolution
		Debug|Any CPU = Debug|Any CPU
		Release|Any CPU = Release|Any CPU
	EndGlobalSection
	GlobalSection(ProjectConfigurationPlatforms) = postSolution
		{AECDDFC1-4363-4225-B02E-6C75DBE40B23}.Debug|Any CPU.ActiveCfg = Debug|Any CPU
		{AECDDFC1-4363-4225-B02E-6C75DBE40B23}.Debug|Any CPU.Build.0 = Debug|Any CPU
		{AECDDFC1-4363-4225-B02E-6C75DBE40B23}.Release|Any CPU.ActiveCfg = Release|Any CPU
		{AECDDFC1-4363-4225-B02E-6C75DBE40B23}.Release|Any CPU.Build.0 = Release|Any CPU
	EndGlobalSection
	GlobalSection(SolutionProperties) = preSolution
		HideSolutionNode = FALSE
	EndGlobalSection
	GlobalSection(ExtensibilityGlobals) = postSolution
		SolutionGuid = {C8E8B807-0009-4CA1-9636-ADF9A55BFAC8}
	EndGlobalSection
EndGlobal
